
Microsoft Visual Studio Solution File, Format Version 12.00
# Visual Studio 15
VisualStudioVersion = 15.0.26730.12
MinimumVisualStudioVersion = 10.0.40219.1
Project("{FAE04EC0-301F-11D3-BF4B-00C04F79EFBC}") = "Lab3", "Lab3\Lab3.csproj", "{C557A979-98AB-46EF-9E1C-A54813007878}"
EndProject
Global
	GlobalSection(SolutionConfigurationPlatforms) = preSolution
		Debug|Any CPU = Debug|Any CPU
		Release|Any CPU = Release|Any CPU
	EndGlobalSection
	GlobalSection(ProjectConfigurationPlatforms) = postSolution
		{C557A979-98AB-46EF-9E1C-A54813007878}.Debug|Any CPU.ActiveCfg = Debug|Any CPU
		{C557A979-98AB-46EF-9E1C-A54813007878}.Debug|Any CPU.Build.0 = Debug|Any CPU
		{C557A979-98AB-46EF-9E1C-A54813007878}.Release|Any CPU.ActiveCfg = Release|Any CPU
		{C557A979-98AB-46EF-9E1C-A54813007878}.Release|Any CPU.Build.0 = Release|Any CPU
	EndGlobalSection
	GlobalSection(SolutionProperties) = preSolution
		HideSolutionNode = FALSE
	EndGlobalSection
	GlobalSection(ExtensibilityGlobals) = postSolution
		SolutionGuid = {380FF711-08BF-48A8-AE92-90175AAA14C5}
	EndGlobalSection
EndGlobal
